// !$*UTF8*$!
{
	archiveVersion = 1;
	classes = {
	};
	objectVersion = 46;
	objects = {

/* Begin PBXBuildFile section */
		F43095FE1E0AD62200640A9C /* BeefBroccoliGarlic.mp3 in Resources */ = {isa = PBXBuildFile; fileRef = F43095F01E0AD62200640A9C /* BeefBroccoliGarlic.mp3 */; };
		F43095FF1E0AD62200640A9C /* DogFart.mp3 in Resources */ = {isa = PBXBuildFile; fileRef = F43095F11E0AD62200640A9C /* DogFart.mp3 */; };
		F43096001E0AD62200640A9C /* DrinkSomeWater.mp3 in Resources */ = {isa = PBXBuildFile; fileRef = F43095F21E0AD62200640A9C /* DrinkSomeWater.mp3 */; };
		F43096011E0AD62200640A9C /* Faz.mp3 in Resources */ = {isa = PBXBuildFile; fileRef = F43095F31E0AD62200640A9C /* Faz.mp3 */; };
		F43096021E0AD62200640A9C /* Fizz.mp3 in Resources */ = {isa = PBXBuildFile; fileRef = F43095F41E0AD62200640A9C /* Fizz.mp3 */; };
		F43096031E0AD62200640A9C /* FizzFaz.mp3 in Resources */ = {isa = PBXBuildFile; fileRef = F43095F51E0AD62200640A9C /* FizzFaz.mp3 */; };
		F43096041E0AD62200640A9C /* IloveIndian.mp3 in Resources */ = {isa = PBXBuildFile; fileRef = F43095F61E0AD62200640A9C /* IloveIndian.mp3 */; };
		F43096051E0AD62200640A9C /* Onethatgoeswhoosh.mp3 in Resources */ = {isa = PBXBuildFile; fileRef = F43095F71E0AD62200640A9C /* Onethatgoeswhoosh.mp3 */; };
		F43096061E0AD62200640A9C /* OohWow.mp3 in Resources */ = {isa = PBXBuildFile; fileRef = F43095F81E0AD62200640A9C /* OohWow.mp3 */; };
		F43096071E0AD62200640A9C /* Ripshit.mp3 in Resources */ = {isa = PBXBuildFile; fileRef = F43095F91E0AD62200640A9C /* Ripshit.mp3 */; };
		F43096081E0AD62200640A9C /* ShakeItOff.mp3 in Resources */ = {isa = PBXBuildFile; fileRef = F43095FA1E0AD62200640A9C /* ShakeItOff.mp3 */; };
		F43096091E0AD62200640A9C /* Snorter.mp3 in Resources */ = {isa = PBXBuildFile; fileRef = F43095FB1E0AD62200640A9C /* Snorter.mp3 */; };
		F430960A1E0AD62200640A9C /* Tearass.mp3 in Resources */ = {isa = PBXBuildFile; fileRef = F43095FC1E0AD62200640A9C /* Tearass.mp3 */; };
		F430960B1E0AD62200640A9C /* TheFight.mp3 in Resources */ = {isa = PBXBuildFile; fileRef = F43095FD1E0AD62200640A9C /* TheFight.mp3 */; };
		F430960F1E0AFF1500640A9C /* Assets.xcassets in Resources */ = {isa = PBXBuildFile; fileRef = F430960E1E0AFF1500640A9C /* Assets.xcassets */; };
		F447FEB41E044C7F009AF574 /* AppDelegate.swift in Sources */ = {isa = PBXBuildFile; fileRef = F447FEB31E044C7F009AF574 /* AppDelegate.swift */; };
		F447FEB61E044C7F009AF574 /* MainVC.swift in Sources */ = {isa = PBXBuildFile; fileRef = F447FEB51E044C7F009AF574 /* MainVC.swift */; };
		F447FEB91E044C7F009AF574 /* Main.storyboard in Resources */ = {isa = PBXBuildFile; fileRef = F447FEB71E044C7F009AF574 /* Main.storyboard */; };
		F447FEBE1E044C7F009AF574 /* LaunchScreen.storyboard in Resources */ = {isa = PBXBuildFile; fileRef = F447FEBC1E044C7F009AF574 /* LaunchScreen.storyboard */; };
/* End PBXBuildFile section */

/* Begin PBXFileReference section */
		F43095F01E0AD62200640A9C /* BeefBroccoliGarlic.mp3 */ = {isa = PBXFileReference; lastKnownFileType = audio.mp3; path = BeefBroccoliGarlic.mp3; sourceTree = "<group>"; };
		F43095F11E0AD62200640A9C /* DogFart.mp3 */ = {isa = PBXFileReference; lastKnownFileType = audio.mp3; path = DogFart.mp3; sourceTree = "<group>"; };
		F43095F21E0AD62200640A9C /* DrinkSomeWater.mp3 */ = {isa = PBXFileReference; lastKnownFileType = audio.mp3; path = DrinkSomeWater.mp3; sourceTree = "<group>"; };
		F43095F31E0AD62200640A9C /* Faz.mp3 */ = {isa = PBXFileReference; lastKnownFileType = audio.mp3; path = Faz.mp3; sourceTree = "<group>"; };
		F43095F41E0AD62200640A9C /* Fizz.mp3 */ = {isa = PBXFileReference; lastKnownFileType = audio.mp3; path = Fizz.mp3; sourceTree = "<group>"; };
		F43095F51E0AD62200640A9C /* FizzFaz.mp3 */ = {isa = PBXFileReference; lastKnownFileType = audio.mp3; path = FizzFaz.mp3; sourceTree = "<group>"; };
		F43095F61E0AD62200640A9C /* IloveIndian.mp3 */ = {isa = PBXFileReference; lastKnownFileType = audio.mp3; path = IloveIndian.mp3; sourceTree = "<group>"; };
		F43095F71E0AD62200640A9C /* Onethatgoeswhoosh.mp3 */ = {isa = PBXFileReference; lastKnownFileType = audio.mp3; path = Onethatgoeswhoosh.mp3; sourceTree = "<group>"; };
		F43095F81E0AD62200640A9C /* OohWow.mp3 */ = {isa = PBXFileReference; lastKnownFileType = audio.mp3; path = OohWow.mp3; sourceTree = "<group>"; };
		F43095F91E0AD62200640A9C /* Ripshit.mp3 */ = {isa = PBXFileReference; lastKnownFileType = audio.mp3; path = Ripshit.mp3; sourceTree = "<group>"; };
		F43095FA1E0AD62200640A9C /* ShakeItOff.mp3 */ = {isa = PBXFileReference; lastKnownFileType = audio.mp3; path = ShakeItOff.mp3; sourceTree = "<group>"; };
		F43095FB1E0AD62200640A9C /* Snorter.mp3 */ = {isa = PBXFileReference; lastKnownFileType = audio.mp3; path = Snorter.mp3; sourceTree = "<group>"; };
		F43095FC1E0AD62200640A9C /* Tearass.mp3 */ = {isa = PBXFileReference; lastKnownFileType = audio.mp3; path = Tearass.mp3; sourceTree = "<group>"; };
		F43095FD1E0AD62200640A9C /* TheFight.mp3 */ = {isa = PBXFileReference; lastKnownFileType = audio.mp3; path = TheFight.mp3; sourceTree = "<group>"; };
		F430960E1E0AFF1500640A9C /* Assets.xcassets */ = {isa = PBXFileReference; lastKnownFileType = folder.assetcatalog; path = Assets.xcassets; sourceTree = "<group>"; };
		F447FEB01E044C7F009AF574 /* DadsPresent.app */ = {isa = PBXFileReference; explicitFileType = wrapper.application; includeInIndex = 0; path = DadsPresent.app; sourceTree = BUILT_PRODUCTS_DIR; };
		F447FEB31E044C7F009AF574 /* AppDelegate.swift */ = {isa = PBXFileReference; lastKnownFileType = sourcecode.swift; path = AppDelegate.swift; sourceTree = "<group>"; };
		F447FEB51E044C7F009AF574 /* MainVC.swift */ = {isa = PBXFileReference; lastKnownFileType = sourcecode.swift; path = MainVC.swift; sourceTree = "<group>"; };
		F447FEB81E044C7F009AF574 /* Base */ = {isa = PBXFileReference; lastKnownFileType = file.storyboard; name = Base; path = Base.lproj/Main.storyboard; sourceTree = "<group>"; };
		F447FEBD1E044C7F009AF574 /* Base */ = {isa = PBXFileReference; lastKnownFileType = file.storyboard; name = Base; path = Base.lproj/LaunchScreen.storyboard; sourceTree = "<group>"; };
		F447FEBF1E044C7F009AF574 /* Info.plist */ = {isa = PBXFileReference; lastKnownFileType = text.plist.xml; path = Info.plist; sourceTree = "<group>"; };
/* End PBXFileReference section */

/* Begin PBXFrameworksBuildPhase section */
		F447FEAD1E044C7F009AF574 /* Frameworks */ = {
			isa = PBXFrameworksBuildPhase;
			buildActionMask = 2147483647;
			files = (
			);
			runOnlyForDeploymentPostprocessing = 0;
		};
/* End PBXFrameworksBuildPhase section */

/* Begin PBXGroup section */
		F430960C1E0AD67A00640A9C /* Audio */ = {
			isa = PBXGroup;
			children = (
				F43095F01E0AD62200640A9C /* BeefBroccoliGarlic.mp3 */,
				F43095F11E0AD62200640A9C /* DogFart.mp3 */,
				F43095F21E0AD62200640A9C /* DrinkSomeWater.mp3 */,
				F43095F31E0AD62200640A9C /* Faz.mp3 */,
				F43095F41E0AD62200640A9C /* Fizz.mp3 */,
				F43095F51E0AD62200640A9C /* FizzFaz.mp3 */,
				F43095F61E0AD62200640A9C /* IloveIndian.mp3 */,
				F43095F71E0AD62200640A9C /* Onethatgoeswhoosh.mp3 */,
				F43095F81E0AD62200640A9C /* OohWow.mp3 */,
				F43095F91E0AD62200640A9C /* Ripshit.mp3 */,
				F43095FA1E0AD62200640A9C /* ShakeItOff.mp3 */,
				F43095FB1E0AD62200640A9C /* Snorter.mp3 */,
				F43095FC1E0AD62200640A9C /* Tearass.mp3 */,
				F43095FD1E0AD62200640A9C /* TheFight.mp3 */,
			);
			name = Audio;
			sourceTree = "<group>";
		};
		F447FEA71E044C7F009AF574 = {
			isa = PBXGroup;
			children = (
				F447FEB21E044C7F009AF574 /* DadsPresent */,
				F447FEB11E044C7F009AF574 /* Products */,
			);
			sourceTree = "<group>";
		};
		F447FEB11E044C7F009AF574 /* Products */ = {
			isa = PBXGroup;
			children = (
				F447FEB01E044C7F009AF574 /* DadsPresent.app */,
			);
			name = Products;
			sourceTree = "<group>";
		};
		F447FEB21E044C7F009AF574 /* DadsPresent */ = {
			isa = PBXGroup;
			children = (
				F447FEB31E044C7F009AF574 /* AppDelegate.swift */,
				F447FEB51E044C7F009AF574 /* MainVC.swift */,
				F430960C1E0AD67A00640A9C /* Audio */,
				F447FEB71E044C7F009AF574 /* Main.storyboard */,
				F430960E1E0AFF1500640A9C /* Assets.xcassets */,
				F447FEBC1E044C7F009AF574 /* LaunchScreen.storyboard */,
				F447FEBF1E044C7F009AF574 /* Info.plist */,
			);
			path = DadsPresent;
			sourceTree = "<group>";
		};
/* End PBXGroup section */

/* Begin PBXNativeTarget section */
		F447FEAF1E044C7F009AF574 /* DadsPresent */ = {
			isa = PBXNativeTarget;
			buildConfigurationList = F447FEC21E044C7F009AF574 /* Build configuration list for PBXNativeTarget "DadsPresent" */;
			buildPhases = (
				F447FEAC1E044C7F009AF574 /* Sources */,
				F447FEAD1E044C7F009AF574 /* Frameworks */,
				F447FEAE1E044C7F009AF574 /* Resources */,
			);
			buildRules = (
			);
			dependencies = (
			);
			name = DadsPresent;
			productName = DadsPresent;
			productReference = F447FEB01E044C7F009AF574 /* DadsPresent.app */;
			productType = "com.apple.product-type.application";
		};
/* End PBXNativeTarget section */

/* Begin PBXProject section */
		F447FEA81E044C7F009AF574 /* Project object */ = {
			isa = PBXProject;
			attributes = {
				LastSwiftUpdateCheck = 0820;
				LastUpgradeCheck = 0820;
				ORGANIZATIONNAME = "Christine Cunniff";
				TargetAttributes = {
					F447FEAF1E044C7F009AF574 = {
						CreatedOnToolsVersion = 8.2;
						DevelopmentTeam = 63EFTM5462;
						ProvisioningStyle = Automatic;
					};
				};
			};
			buildConfigurationList = F447FEAB1E044C7F009AF574 /* Build configuration list for PBXProject "DadsPresent" */;
			compatibilityVersion = "Xcode 3.2";
			developmentRegion = English;
			hasScannedForEncodings = 0;
			knownRegions = (
				en,
				Base,
			);
			mainGroup = F447FEA71E044C7F009AF574;
			productRefGroup = F447FEB11E044C7F009AF574 /* Products */;
			projectDirPath = "";
			projectRoot = "";
			targets = (
				F447FEAF1E044C7F009AF574 /* DadsPresent */,
			);
		};
/* End PBXProject section */

/* Begin PBXResourcesBuildPhase section */
		F447FEAE1E044C7F009AF574 /* Resources */ = {
			isa = PBXResourcesBuildPhase;
			buildActionMask = 2147483647;
			files = (
				F43096081E0AD62200640A9C /* ShakeItOff.mp3 in Resources */,
				F447FEBE1E044C7F009AF574 /* LaunchScreen.storyboard in Resources */,
				F43096091E0AD62200640A9C /* Snorter.mp3 in Resources */,
				F43096021E0AD62200640A9C /* Fizz.mp3 in Resources */,
				F43096031E0AD62200640A9C /* FizzFaz.mp3 in Resources */,
				F430960B1E0AD62200640A9C /* TheFight.mp3 in Resources */,
				F430960F1E0AFF1500640A9C /* Assets.xcassets in Resources */,
				F43096041E0AD62200640A9C /* IloveIndian.mp3 in Resources */,
				F43096001E0AD62200640A9C /* DrinkSomeWater.mp3 in Resources */,
				F43096011E0AD62200640A9C /* Faz.mp3 in Resources */,
				F43095FE1E0AD62200640A9C /* BeefBroccoliGarlic.mp3 in Resources */,
				F43096071E0AD62200640A9C /* Ripshit.mp3 in Resources */,
				F43096051E0AD62200640A9C /* Onethatgoeswhoosh.mp3 in Resources */,
				F430960A1E0AD62200640A9C /* Tearass.mp3 in Resources */,
				F447FEB91E044C7F009AF574 /* Main.storyboard in Resources */,
				F43095FF1E0AD62200640A9C /* DogFart.mp3 in Resources */,
				F43096061E0AD62200640A9C /* OohWow.mp3 in Resources */,
			);
			runOnlyForDeploymentPostprocessing = 0;
		};
/* End PBXResourcesBuildPhase section */

/* Begin PBXSourcesBuildPhase section */
		F447FEAC1E044C7F009AF574 /* Sources */ = {
			isa = PBXSourcesBuildPhase;
			buildActionMask = 2147483647;
			files = (
				F447FEB61E044C7F009AF574 /* MainVC.swift in Sources */,
				F447FEB41E044C7F009AF574 /* AppDelegate.swift in Sources */,
			);
			runOnlyForDeploymentPostprocessing = 0;
		};
/* End PBXSourcesBuildPhase section */

/* Begin PBXVariantGroup section */
		F447FEB71E044C7F009AF574 /* Main.storyboard */ = {
			isa = PBXVariantGroup;
			children = (
				F447FEB81E044C7F009AF574 /* Base */,
			);
			name = Main.storyboard;
			sourceTree = "<group>";
		};
		F447FEBC1E044C7F009AF574 /* LaunchScreen.storyboard */ = {
			isa = PBXVariantGroup;
			children = (
				F447FEBD1E044C7F009AF574 /* Base */,
			);
			name = LaunchScreen.storyboard;
			sourceTree = "<group>";
		};
/* End PBXVariantGroup section */

/* Begin XCBuildConfiguration section */
		F447FEC01E044C7F009AF574 /* Debug */ = {
			isa = XCBuildConfiguration;
			buildSettings = {
				ALWAYS_SEARCH_USER_PATHS = NO;
				CLANG_ANALYZER_NONNULL = YES;
				CLANG_CXX_LANGUAGE_STANDARD = "gnu++0x";
				CLANG_CXX_LIBRARY = "libc++";
				CLANG_ENABLE_MODULES = YES;
				CLANG_ENABLE_OBJC_ARC = YES;
				CLANG_WARN_BOOL_CONVERSION = YES;
				CLANG_WARN_CONSTANT_CONVERSION = YES;
				CLANG_WARN_DIRECT_OBJC_ISA_USAGE = YES_ERROR;
				CLANG_WARN_DOCUMENTATION_COMMENTS = YES;
				CLANG_WARN_EMPTY_BODY = YES;
				CLANG_WARN_ENUM_CONVERSION = YES;
				CLANG_WARN_INFINITE_RECURSION = YES;
				CLANG_WARN_INT_CONVERSION = YES;
				CLANG_WARN_OBJC_ROOT_CLASS = YES_ERROR;
				CLANG_WARN_SUSPICIOUS_MOVE = YES;
				CLANG_WARN_UNREACHABLE_CODE = YES;
				CLANG_WARN__DUPLICATE_METHOD_MATCH = YES;
				"CODE_SIGN_IDENTITY[sdk=iphoneos*]" = "iPhone Developer";
				COPY_PHASE_STRIP = NO;
				DEBUG_INFORMATION_FORMAT = dwarf;
				ENABLE_STRICT_OBJC_MSGSEND = YES;
				ENABLE_TESTABILITY = YES;
				GCC_C_LANGUAGE_STANDARD = gnu99;
				GCC_DYNAMIC_NO_PIC = NO;
				GCC_NO_COMMON_BLOCKS = YES;
				GCC_OPTIMIZATION_LEVEL = 0;
				GCC_PREPROCESSOR_DEFINITIONS = (
					"DEBUG=1",
					"$(inherited)",
				);
				GCC_WARN_64_TO_32_BIT_CONVERSION = YES;
				GCC_WARN_ABOUT_RETURN_TYPE = YES_ERROR;
				GCC_WARN_UNDECLARED_SELECTOR = YES;
				GCC_WARN_UNINITIALIZED_AUTOS = YES_AGGRESSIVE;
				GCC_WARN_UNUSED_FUNCTION = YES;
				GCC_WARN_UNUSED_VARIABLE = YES;
				IPHONEOS_DEPLOYMENT_TARGET = 10.2;
				MTL_ENABLE_DEBUG_INFO = YES;
				ONLY_ACTIVE_ARCH = YES;
				SDKROOT = iphoneos;
				SWIFT_ACTIVE_COMPILATION_CONDITIONS = DEBUG;
				SWIFT_OPTIMIZATION_LEVEL = "-Onone";
			};
			name = Debug;
		};
		F447FEC11E044C7F009AF574 /* Release */ = {
			isa = XCBuildConfiguration;
			buildSettings = {
				ALWAYS_SEARCH_USER_PATHS = NO;
				CLANG_ANALYZER_NONNULL = YES;
				CLANG_CXX_LANGUAGE_STANDARD = "gnu++0x";
				CLANG_CXX_LIBRARY = "libc++";
				CLANG_ENABLE_MODULES = YES;
				CLANG_ENABLE_OBJC_ARC = YES;
				CLANG_WARN_BOOL_CONVERSION = YES;
				CLANG_WARN_CONSTANT_CONVERSION = YES;
				CLANG_WARN_DIRECT_OBJC_ISA_USAGE = YES_ERROR;
				CLANG_WARN_DOCUMENTATION_COMMENTS = YES;
				CLANG_WARN_EMPTY_BODY = YES;
				CLANG_WARN_ENUM_CONVERSION = YES;
				CLANG_WARN_INFINITE_RECURSION = YES;
				CLANG_WARN_INT_CONVERSION = YES;
				CLANG_WARN_OBJC_ROOT_CLASS = YES_ERROR;
				CLANG_WARN_SUSPICIOUS_MOVE = YES;
				CLANG_WARN_UNREACHABLE_CODE = YES;
				CLANG_WARN__DUPLICATE_METHOD_MATCH = YES;
				"CODE_SIGN_IDENTITY[sdk=iphoneos*]" = "iPhone Developer";
				COPY_PHASE_STRIP = NO;
				DEBUG_INFORMATION_FORMAT = "dwarf-with-dsym";
				ENABLE_NS_ASSERTIONS = NO;
				ENABLE_STRICT_OBJC_MSGSEND = YES;
				GCC_C_LANGUAGE_STANDARD = gnu99;
				GCC_NO_COMMON_BLOCKS = YES;
				GCC_WARN_64_TO_32_BIT_CONVERSION = YES;
				GCC_WARN_ABOUT_RETURN_TYPE = YES_ERROR;
				GCC_WARN_UNDECLARED_SELECTOR = YES;
				GCC_WARN_UNINITIALIZED_AUTOS = YES_AGGRESSIVE;
				GCC_WARN_UNUSED_FUNCTION = YES;
				GCC_WARN_UNUSED_VARIABLE = YES;
				IPHONEOS_DEPLOYMENT_TARGET = 10.2;
				MTL_ENABLE_DEBUG_INFO = NO;
				SDKROOT = iphoneos;
				SWIFT_OPTIMIZATION_LEVEL = "-Owholemodule";
				VALIDATE_PRODUCT = YES;
			};
			name = Release;
		};
		F447FEC31E044C7F009AF574 /* Debug */ = {
			isa = XCBuildConfiguration;
			buildSettings = {
				ASSETCATALOG_COMPILER_APPICON_NAME = AppIcon;
				DEVELOPMENT_TEAM = 63EFTM5462;
				INFOPLIST_FILE = DadsPresent/Info.plist;
				LD_RUNPATH_SEARCH_PATHS = "$(inherited) @executable_path/Frameworks";
				PRODUCT_BUNDLE_IDENTIFIER = com.christinecunniff.DadsPresent;
				PRODUCT_NAME = "$(TARGET_NAME)";
				SWIFT_VERSION = 3.0;
			};
			name = Debug;
		};
		F447FEC41E044C7F009AF574 /* Release */ = {
			isa = XCBuildConfiguration;
			buildSettings = {
				ASSETCATALOG_COMPILER_APPICON_NAME = AppIcon;
				DEVELOPMENT_TEAM = 63EFTM5462;
				INFOPLIST_FILE = DadsPresent/Info.plist;
				LD_RUNPATH_SEARCH_PATHS = "$(inherited) @executable_path/Frameworks";
				PRODUCT_BUNDLE_IDENTIFIER = com.christinecunniff.DadsPresent;
				PRODUCT_NAME = "$(TARGET_NAME)";
				SWIFT_VERSION = 3.0;
			};
			name = Release;
		};
/* End XCBuildConfiguration section */

/* Begin XCConfigurationList section */
		F447FEAB1E044C7F009AF574 /* Build configuration list for PBXProject "DadsPresent" */ = {
			isa = XCConfigurationList;
			buildConfigurations = (
				F447FEC01E044C7F009AF574 /* Debug */,
				F447FEC11E044C7F009AF574 /* Release */,
			);
			defaultConfigurationIsVisible = 0;
			defaultConfigurationName = Release;
		};
		F447FEC21E044C7F009AF574 /* Build configuration list for PBXNativeTarget "DadsPresent" */ = {
			isa = XCConfigurationList;
			buildConfigurations = (
				F447FEC31E044C7F009AF574 /* Debug */,
				F447FEC41E044C7F009AF574 /* Release */,
			);
			defaultConfigurationIsVisible = 0;
			defaultConfigurationName = Release;
		};
/* End XCConfigurationList section */
	};
	rootObject = F447FEA81E044C7F009AF574 /* Project object */;
}
